
Microsoft Visual Studio Solution File, Format Version 12.00
# Visual Studio Version 16
VisualStudioVersion = 16.0.29424.173
MinimumVisualStudioVersion = 10.0.40219.1
Project("{FAE04EC0-301F-11D3-BF4B-00C04F79EFBC}") = "DateRangePickerProject", "DateRangePickerProject.csproj", "{DD55CC71-467F-4A5D-96B9-DEB5C2663D53}"
EndProject
Global
	GlobalSection(SolutionConfigurationPlatforms) = preSolution
		Debug|Any CPU = Debug|Any CPU
		Release|Any CPU = Release|Any CPU
	EndGlobalSection
	GlobalSection(ProjectConfigurationPlatforms) = postSolution
		{DD55CC71-467F-4A5D-96B9-DEB5C2663D53}.Debug|Any CPU.ActiveCfg = Debug|Any CPU
		{DD55CC71-467F-4A5D-96B9-DEB5C2663D53}.Debug|Any CPU.Build.0 = Debug|Any CPU
		{DD55CC71-467F-4A5D-96B9-DEB5C2663D53}.Release|Any CPU.ActiveCfg = Release|Any CPU
		{DD55CC71-467F-4A5D-96B9-DEB5C2663D53}.Release|Any CPU.Build.0 = Release|Any CPU
	EndGlobalSection
	GlobalSection(SolutionProperties) = preSolution
		HideSolutionNode = FALSE
	EndGlobalSection
	GlobalSection(ExtensibilityGlobals) = postSolution
		SolutionGuid = {1E243E24-B78C-4899-97D1-FC00ECEC24D0}
	EndGlobalSection
EndGlobal
